// !$*UTF8*$!
{
	archiveVersion = 1;
	classes = {
	};
	objectVersion = 46;
	objects = {

/* Begin PBXBuildFile section */
		26438C8B1B46E57F0073FF21 /* SentMemesTableViewController.swift in Sources */ = {isa = PBXBuildFile; fileRef = 26438C8A1B46E57F0073FF21 /* SentMemesTableViewController.swift */; };
		26438C8D1B46E5B70073FF21 /* SentMemesCollectionViewController.swift in Sources */ = {isa = PBXBuildFile; fileRef = 26438C8C1B46E5B70073FF21 /* SentMemesCollectionViewController.swift */; };
		268046561B4579E100B58C93 /* Meme.swift in Sources */ = {isa = PBXBuildFile; fileRef = 268046551B4579E100B58C93 /* Meme.swift */; };
		268046591B45B19100B58C93 /* MemeEditorViewController.swift in Sources */ = {isa = PBXBuildFile; fileRef = 268046581B45B19100B58C93 /* MemeEditorViewController.swift */; };
		26A2002F1B41F8EF006B2204 /* AppDelegate.swift in Sources */ = {isa = PBXBuildFile; fileRef = 26A2002E1B41F8EF006B2204 /* AppDelegate.swift */; };
		26A200341B41F8EF006B2204 /* Main.storyboard in Resources */ = {isa = PBXBuildFile; fileRef = 26A200321B41F8EF006B2204 /* Main.storyboard */; };
		26A200361B41F8EF006B2204 /* Images.xcassets in Resources */ = {isa = PBXBuildFile; fileRef = 26A200351B41F8EF006B2204 /* Images.xcassets */; };
		26A200391B41F8EF006B2204 /* LaunchScreen.xib in Resources */ = {isa = PBXBuildFile; fileRef = 26A200371B41F8EF006B2204 /* LaunchScreen.xib */; };
		26A200451B41F8EF006B2204 /* MeME_TestTests.swift in Sources */ = {isa = PBXBuildFile; fileRef = 26A200441B41F8EF006B2204 /* MeME_TestTests.swift */; };
		F35A08E91B545A220064F563 /* MemeCollectionViewCell.swift in Sources */ = {isa = PBXBuildFile; fileRef = F35A08E81B545A220064F563 /* MemeCollectionViewCell.swift */; };
		F37B63C81B5A6EA500C2A52B /* MeMeDetailViewController.swift in Sources */ = {isa = PBXBuildFile; fileRef = F37B63C71B5A6EA500C2A52B /* MeMeDetailViewController.swift */; };
		F3AF39791B57E79600513CA4 /* MemeTableViewCell.swift in Sources */ = {isa = PBXBuildFile; fileRef = F3AF39781B57E79600513CA4 /* MemeTableViewCell.swift */; };
/* End PBXBuildFile section */

/* Begin PBXContainerItemProxy section */
		26A2003F1B41F8EF006B2204 /* PBXContainerItemProxy */ = {
			isa = PBXContainerItemProxy;
			containerPortal = 26A200211B41F8EF006B2204 /* Project object */;
			proxyType = 1;
			remoteGlobalIDString = 26A200281B41F8EF006B2204;
			remoteInfo = MeME_Test;
		};
/* End PBXContainerItemProxy section */

/* Begin PBXFileReference section */
		26438C8A1B46E57F0073FF21 /* SentMemesTableViewController.swift */ = {isa = PBXFileReference; fileEncoding = 4; lastKnownFileType = sourcecode.swift; path = SentMemesTableViewController.swift; sourceTree = "<group>"; };
		26438C8C1B46E5B70073FF21 /* SentMemesCollectionViewController.swift */ = {isa = PBXFileReference; fileEncoding = 4; lastKnownFileType = sourcecode.swift; path = SentMemesCollectionViewController.swift; sourceTree = "<group>"; };
		268046551B4579E100B58C93 /* Meme.swift */ = {isa = PBXFileReference; fileEncoding = 4; lastKnownFileType = sourcecode.swift; path = Meme.swift; sourceTree = "<group>"; };
		268046571B457DCA00B58C93 /* MyPlayground.playground */ = {isa = PBXFileReference; lastKnownFileType = file.playground; path = MyPlayground.playground; sourceTree = "<group>"; };
		268046581B45B19100B58C93 /* MemeEditorViewController.swift */ = {isa = PBXFileReference; fileEncoding = 4; lastKnownFileType = sourcecode.swift; path = MemeEditorViewController.swift; sourceTree = "<group>"; };
		26A200291B41F8EF006B2204 /* MeME_Test.app */ = {isa = PBXFileReference; explicitFileType = wrapper.application; includeInIndex = 0; path = MeME_Test.app; sourceTree = BUILT_PRODUCTS_DIR; };
		26A2002D1B41F8EF006B2204 /* Info.plist */ = {isa = PBXFileReference; lastKnownFileType = text.plist.xml; path = Info.plist; sourceTree = "<group>"; };
		26A2002E1B41F8EF006B2204 /* AppDelegate.swift */ = {isa = PBXFileReference; lastKnownFileType = sourcecode.swift; path = AppDelegate.swift; sourceTree = "<group>"; };
		26A200331B41F8EF006B2204 /* Base */ = {isa = PBXFileReference; lastKnownFileType = file.storyboard; name = Base; path = Base.lproj/Main.storyboard; sourceTree = "<group>"; };
		26A200351B41F8EF006B2204 /* Images.xcassets */ = {isa = PBXFileReference; lastKnownFileType = folder.assetcatalog; path = Images.xcassets; sourceTree = "<group>"; };
		26A200381B41F8EF006B2204 /* Base */ = {isa = PBXFileReference; lastKnownFileType = file.xib; name = Base; path = Base.lproj/LaunchScreen.xib; sourceTree = "<group>"; };
		26A2003E1B41F8EF006B2204 /* MeME_TestTests.xctest */ = {isa = PBXFileReference; explicitFileType = wrapper.cfbundle; includeInIndex = 0; path = MeME_TestTests.xctest; sourceTree = BUILT_PRODUCTS_DIR; };
		26A200431B41F8EF006B2204 /* Info.plist */ = {isa = PBXFileReference; lastKnownFileType = text.plist.xml; path = Info.plist; sourceTree = "<group>"; };
		26A200441B41F8EF006B2204 /* MeME_TestTests.swift */ = {isa = PBXFileReference; lastKnownFileType = sourcecode.swift; path = MeME_TestTests.swift; sourceTree = "<group>"; };
		F35A08E81B545A220064F563 /* MemeCollectionViewCell.swift */ = {isa = PBXFileReference; fileEncoding = 4; lastKnownFileType = sourcecode.swift; path = MemeCollectionViewCell.swift; sourceTree = "<group>"; };
		F37B63C71B5A6EA500C2A52B /* MeMeDetailViewController.swift */ = {isa = PBXFileReference; fileEncoding = 4; lastKnownFileType = sourcecode.swift; path = MeMeDetailViewController.swift; sourceTree = "<group>"; };
		F3AF39781B57E79600513CA4 /* MemeTableViewCell.swift */ = {isa = PBXFileReference; fileEncoding = 4; lastKnownFileType = sourcecode.swift; path = MemeTableViewCell.swift; sourceTree = "<group>"; };
/* End PBXFileReference section */

/* Begin PBXFrameworksBuildPhase section */
		26A200261B41F8EF006B2204 /* Frameworks */ = {
			isa = PBXFrameworksBuildPhase;
			buildActionMask = 2147483647;
			files = (
			);
			runOnlyForDeploymentPostprocessing = 0;
		};
		26A2003B1B41F8EF006B2204 /* Frameworks */ = {
			isa = PBXFrameworksBuildPhase;
			buildActionMask = 2147483647;
			files = (
			);
			runOnlyForDeploymentPostprocessing = 0;
		};
/* End PBXFrameworksBuildPhase section */

/* Begin PBXGroup section */
		26A200201B41F8EF006B2204 = {
			isa = PBXGroup;
			children = (
				26A2002B1B41F8EF006B2204 /* MeME_Test */,
				26A200411B41F8EF006B2204 /* MeME_TestTests */,
				26A2002A1B41F8EF006B2204 /* Products */,
			);
			sourceTree = "<group>";
		};
		26A2002A1B41F8EF006B2204 /* Products */ = {
			isa = PBXGroup;
			children = (
				26A200291B41F8EF006B2204 /* MeME_Test.app */,
				26A2003E1B41F8EF006B2204 /* MeME_TestTests.xctest */,
			);
			name = Products;
			sourceTree = "<group>";
		};
		26A2002B1B41F8EF006B2204 /* MeME_Test */ = {
			isa = PBXGroup;
			children = (
				26A2002E1B41F8EF006B2204 /* AppDelegate.swift */,
				268046551B4579E100B58C93 /* Meme.swift */,
				268046581B45B19100B58C93 /* MemeEditorViewController.swift */,
				F37B63C71B5A6EA500C2A52B /* MeMeDetailViewController.swift */,
				26438C8A1B46E57F0073FF21 /* SentMemesTableViewController.swift */,
				F3AF39781B57E79600513CA4 /* MemeTableViewCell.swift */,
				26438C8C1B46E5B70073FF21 /* SentMemesCollectionViewController.swift */,
				F35A08E81B545A220064F563 /* MemeCollectionViewCell.swift */,
				26A200321B41F8EF006B2204 /* Main.storyboard */,
				26A200351B41F8EF006B2204 /* Images.xcassets */,
				26A200371B41F8EF006B2204 /* LaunchScreen.xib */,
				26A2002C1B41F8EF006B2204 /* Supporting Files */,
			);
			path = MeME_Test;
			sourceTree = "<group>";
		};
		26A2002C1B41F8EF006B2204 /* Supporting Files */ = {
			isa = PBXGroup;
			children = (
				26A2002D1B41F8EF006B2204 /* Info.plist */,
				268046571B457DCA00B58C93 /* MyPlayground.playground */,
			);
			name = "Supporting Files";
			sourceTree = "<group>";
		};
		26A200411B41F8EF006B2204 /* MeME_TestTests */ = {
			isa = PBXGroup;
			children = (
				26A200441B41F8EF006B2204 /* MeME_TestTests.swift */,
				26A200421B41F8EF006B2204 /* Supporting Files */,
			);
			path = MeME_TestTests;
			sourceTree = "<group>";
		};
		26A200421B41F8EF006B2204 /* Supporting Files */ = {
			isa = PBXGroup;
			children = (
				26A200431B41F8EF006B2204 /* Info.plist */,
			);
			name = "Supporting Files";
			sourceTree = "<group>";
		};
/* End PBXGroup section */

/* Begin PBXNativeTarget section */
		26A200281B41F8EF006B2204 /* MeME_Test */ = {
			isa = PBXNativeTarget;
			buildConfigurationList = 26A200481B41F8EF006B2204 /* Build configuration list for PBXNativeTarget "MeME_Test" */;
			buildPhases = (
				26A200251B41F8EF006B2204 /* Sources */,
				26A200261B41F8EF006B2204 /* Frameworks */,
				26A200271B41F8EF006B2204 /* Resources */,
			);
			buildRules = (
			);
			dependencies = (
			);
			name = MeME_Test;
			productName = MeME_Test;
			productReference = 26A200291B41F8EF006B2204 /* MeME_Test.app */;
			productType = "com.apple.product-type.application";
		};
		26A2003D1B41F8EF006B2204 /* MeME_TestTests */ = {
			isa = PBXNativeTarget;
			buildConfigurationList = 26A2004B1B41F8EF006B2204 /* Build configuration list for PBXNativeTarget "MeME_TestTests" */;
			buildPhases = (
				26A2003A1B41F8EF006B2204 /* Sources */,
				26A2003B1B41F8EF006B2204 /* Frameworks */,
				26A2003C1B41F8EF006B2204 /* Resources */,
			);
			buildRules = (
			);
			dependencies = (
				26A200401B41F8EF006B2204 /* PBXTargetDependency */,
			);
			name = MeME_TestTests;
			productName = MeME_TestTests;
			productReference = 26A2003E1B41F8EF006B2204 /* MeME_TestTests.xctest */;
			productType = "com.apple.product-type.bundle.unit-test";
		};
/* End PBXNativeTarget section */

/* Begin PBXProject section */
		26A200211B41F8EF006B2204 /* Project object */ = {
			isa = PBXProject;
			attributes = {
				LastUpgradeCheck = 0630;
				ORGANIZATIONNAME = "GIUSEPPE SANTANIELLO";
				TargetAttributes = {
					26A200281B41F8EF006B2204 = {
						CreatedOnToolsVersion = 6.3.2;
						DevelopmentTeam = 3MSUDB5J78;
					};
					26A2003D1B41F8EF006B2204 = {
						CreatedOnToolsVersion = 6.3.2;
						TestTargetID = 26A200281B41F8EF006B2204;
					};
				};
			};
			buildConfigurationList = 26A200241B41F8EF006B2204 /* Build configuration list for PBXProject "MeME_Test" */;
			compatibilityVersion = "Xcode 3.2";
			developmentRegion = English;
			hasScannedForEncodings = 0;
			knownRegions = (
				en,
				Base,
			);
			mainGroup = 26A200201B41F8EF006B2204;
			productRefGroup = 26A2002A1B41F8EF006B2204 /* Products */;
			projectDirPath = "";
			projectRoot = "";
			targets = (
				26A200281B41F8EF006B2204 /* MeME_Test */,
				26A2003D1B41F8EF006B2204 /* MeME_TestTests */,
			);
		};
/* End PBXProject section */

/* Begin PBXResourcesBuildPhase section */
		26A200271B41F8EF006B2204 /* Resources */ = {
			isa = PBXResourcesBuildPhase;
			buildActionMask = 2147483647;
			files = (
				26A200341B41F8EF006B2204 /* Main.storyboard in Resources */,
				26A200391B41F8EF006B2204 /* LaunchScreen.xib in Resources */,
				26A200361B41F8EF006B2204 /* Images.xcassets in Resources */,
			);
			runOnlyForDeploymentPostprocessing = 0;
		};
		26A2003C1B41F8EF006B2204 /* Resources */ = {
			isa = PBXResourcesBuildPhase;
			buildActionMask = 2147483647;
			files = (
			);
			runOnlyForDeploymentPostprocessing = 0;
		};
/* End PBXResourcesBuildPhase section */

/* Begin PBXSourcesBuildPhase section */
		26A200251B41F8EF006B2204 /* Sources */ = {
			isa = PBXSourcesBuildPhase;
			buildActionMask = 2147483647;
			files = (
				F35A08E91B545A220064F563 /* MemeCollectionViewCell.swift in Sources */,
				268046591B45B19100B58C93 /* MemeEditorViewController.swift in Sources */,
				26438C8B1B46E57F0073FF21 /* SentMemesTableViewController.swift in Sources */,
				26438C8D1B46E5B70073FF21 /* SentMemesCollectionViewController.swift in Sources */,
				F3AF39791B57E79600513CA4 /* MemeTableViewCell.swift in Sources */,
				268046561B4579E100B58C93 /* Meme.swift in Sources */,
				26A2002F1B41F8EF006B2204 /* AppDelegate.swift in Sources */,
				F37B63C81B5A6EA500C2A52B /* MeMeDetailViewController.swift in Sources */,
			);
			runOnlyForDeploymentPostprocessing = 0;
		};
		26A2003A1B41F8EF006B2204 /* Sources */ = {
			isa = PBXSourcesBuildPhase;
			buildActionMask = 2147483647;
			files = (
				26A200451B41F8EF006B2204 /* MeME_TestTests.swift in Sources */,
			);
			runOnlyForDeploymentPostprocessing = 0;
		};
/* End PBXSourcesBuildPhase section */

/* Begin PBXTargetDependency section */
		26A200401B41F8EF006B2204 /* PBXTargetDependency */ = {
			isa = PBXTargetDependency;
			target = 26A200281B41F8EF006B2204 /* MeME_Test */;
			targetProxy = 26A2003F1B41F8EF006B2204 /* PBXContainerItemProxy */;
		};
/* End PBXTargetDependency section */

/* Begin PBXVariantGroup section */
		26A200321B41F8EF006B2204 /* Main.storyboard */ = {
			isa = PBXVariantGroup;
			children = (
				26A200331B41F8EF006B2204 /* Base */,
			);
			name = Main.storyboard;
			sourceTree = "<group>";
		};
		26A200371B41F8EF006B2204 /* LaunchScreen.xib */ = {
			isa = PBXVariantGroup;
			children = (
				26A200381B41F8EF006B2204 /* Base */,
			);
			name = LaunchScreen.xib;
			sourceTree = "<group>";
		};
/* End PBXVariantGroup section */

/* Begin XCBuildConfiguration section */
		26A200461B41F8EF006B2204 /* Debug */ = {
			isa = XCBuildConfiguration;
			buildSettings = {
				ALWAYS_SEARCH_USER_PATHS = NO;
				CLANG_CXX_LANGUAGE_STANDARD = "gnu++0x";
				CLANG_CXX_LIBRARY = "libc++";
				CLANG_ENABLE_MODULES = YES;
				CLANG_ENABLE_OBJC_ARC = YES;
				CLANG_WARN_BOOL_CONVERSION = YES;
				CLANG_WARN_CONSTANT_CONVERSION = YES;
				CLANG_WARN_DIRECT_OBJC_ISA_USAGE = YES_ERROR;
				CLANG_WARN_EMPTY_BODY = YES;
				CLANG_WARN_ENUM_CONVERSION = YES;
				CLANG_WARN_INT_CONVERSION = YES;
				CLANG_WARN_OBJC_ROOT_CLASS = YES_ERROR;
				CLANG_WARN_UNREACHABLE_CODE = YES;
				CLANG_WARN__DUPLICATE_METHOD_MATCH = YES;
				"CODE_SIGN_IDENTITY[sdk=iphoneos*]" = "iPhone Developer";
				COPY_PHASE_STRIP = NO;
				DEBUG_INFORMATION_FORMAT = "dwarf-with-dsym";
				ENABLE_STRICT_OBJC_MSGSEND = YES;
				GCC_C_LANGUAGE_STANDARD = gnu99;
				GCC_DYNAMIC_NO_PIC = NO;
				GCC_NO_COMMON_BLOCKS = YES;
				GCC_OPTIMIZATION_LEVEL = 0;
				GCC_PREPROCESSOR_DEFINITIONS = (
					"DEBUG=1",
					"$(inherited)",
				);
				GCC_SYMBOLS_PRIVATE_EXTERN = NO;
				GCC_WARN_64_TO_32_BIT_CONVERSION = YES;
				GCC_WARN_ABOUT_RETURN_TYPE = YES_ERROR;
				GCC_WARN_UNDECLARED_SELECTOR = YES;
				GCC_WARN_UNINITIALIZED_AUTOS = YES_AGGRESSIVE;
				GCC_WARN_UNUSED_FUNCTION = YES;
				GCC_WARN_UNUSED_VARIABLE = YES;
				IPHONEOS_DEPLOYMENT_TARGET = 8.3;
				MTL_ENABLE_DEBUG_INFO = YES;
				ONLY_ACTIVE_ARCH = YES;
				SDKROOT = iphoneos;
				SWIFT_OPTIMIZATION_LEVEL = "-Onone";
				TARGETED_DEVICE_FAMILY = "1,2";
			};
			name = Debug;
		};
		26A200471B41F8EF006B2204 /* Release */ = {
			isa = XCBuildConfiguration;
			buildSettings = {
				ALWAYS_SEARCH_USER_PATHS = NO;
				CLANG_CXX_LANGUAGE_STANDARD = "gnu++0x";
				CLANG_CXX_LIBRARY = "libc++";
				CLANG_ENABLE_MODULES = YES;
				CLANG_ENABLE_OBJC_ARC = YES;
				CLANG_WARN_BOOL_CONVERSION = YES;
				CLANG_WARN_CONSTANT_CONVERSION = YES;
				CLANG_WARN_DIRECT_OBJC_ISA_USAGE = YES_ERROR;
				CLANG_WARN_EMPTY_BODY = YES;
				CLANG_WARN_ENUM_CONVERSION = YES;
				CLANG_WARN_INT_CONVERSION = YES;
				CLANG_WARN_OBJC_ROOT_CLASS = YES_ERROR;
				CLANG_WARN_UNREACHABLE_CODE = YES;
				CLANG_WARN__DUPLICATE_METHOD_MATCH = YES;
				"CODE_SIGN_IDENTITY[sdk=iphoneos*]" = "iPhone Developer";
				COPY_PHASE_STRIP = NO;
				DEBUG_INFORMATION_FORMAT = "dwarf-with-dsym";
				ENABLE_NS_ASSERTIONS = NO;
				ENABLE_STRICT_OBJC_MSGSEND = YES;
				GCC_C_LANGUAGE_STANDARD = gnu99;
				GCC_NO_COMMON_BLOCKS = YES;
				GCC_WARN_64_TO_32_BIT_CONVERSION = YES;
				GCC_WARN_ABOUT_RETURN_TYPE = YES_ERROR;
				GCC_WARN_UNDECLARED_SELECTOR = YES;
				GCC_WARN_UNINITIALIZED_AUTOS = YES_AGGRESSIVE;
				GCC_WARN_UNUSED_FUNCTION = YES;
				GCC_WARN_UNUSED_VARIABLE = YES;
				IPHONEOS_DEPLOYMENT_TARGET = 8.3;
				MTL_ENABLE_DEBUG_INFO = NO;
				SDKROOT = iphoneos;
				TARGETED_DEVICE_FAMILY = "1,2";
				VALIDATE_PRODUCT = YES;
			};
			name = Release;
		};
		26A200491B41F8EF006B2204 /* Debug */ = {
			isa = XCBuildConfiguration;
			buildSettings = {
				ASSETCATALOG_COMPILER_APPICON_NAME = AppIcon;
				CODE_SIGN_IDENTITY = "iPhone Developer";
				"CODE_SIGN_IDENTITY[sdk=iphoneos*]" = "iPhone Developer";
				INFOPLIST_FILE = MeME_Test/Info.plist;
				LD_RUNPATH_SEARCH_PATHS = "$(inherited) @executable_path/Frameworks";
				PRODUCT_NAME = "$(TARGET_NAME)";
				PROVISIONING_PROFILE = "";
			};
			name = Debug;
		};
		26A2004A1B41F8EF006B2204 /* Release */ = {
			isa = XCBuildConfiguration;
			buildSettings = {
				ASSETCATALOG_COMPILER_APPICON_NAME = AppIcon;
				CODE_SIGN_IDENTITY = "iPhone Developer";
				"CODE_SIGN_IDENTITY[sdk=iphoneos*]" = "iPhone Developer";
				INFOPLIST_FILE = MeME_Test/Info.plist;
				LD_RUNPATH_SEARCH_PATHS = "$(inherited) @executable_path/Frameworks";
				PRODUCT_NAME = "$(TARGET_NAME)";
				PROVISIONING_PROFILE = "";
			};
			name = Release;
		};
		26A2004C1B41F8EF006B2204 /* Debug */ = {
			isa = XCBuildConfiguration;
			buildSettings = {
				BUNDLE_LOADER = "$(TEST_HOST)";
				FRAMEWORK_SEARCH_PATHS = (
					"$(SDKROOT)/Developer/Library/Frameworks",
					"$(inherited)",
				);
				GCC_PREPROCESSOR_DEFINITIONS = (
					"DEBUG=1",
					"$(inherited)",
				);
				INFOPLIST_FILE = MeME_TestTests/Info.plist;
				LD_RUNPATH_SEARCH_PATHS = "$(inherited) @executable_path/Frameworks @loader_path/Frameworks";
				PRODUCT_NAME = "$(TARGET_NAME)";
				TEST_HOST = "$(BUILT_PRODUCTS_DIR)/MeME_Test.app/MeME_Test";
			};
			name = Debug;
		};
		26A2004D1B41F8EF006B2204 /* Release */ = {
			isa = XCBuildConfiguration;
			buildSettings = {
				BUNDLE_LOADER = "$(TEST_HOST)";
				FRAMEWORK_SEARCH_PATHS = (
					"$(SDKROOT)/Developer/Library/Frameworks",
					"$(inherited)",
				);
				INFOPLIST_FILE = MeME_TestTests/Info.plist;
				LD_RUNPATH_SEARCH_PATHS = "$(inherited) @executable_path/Frameworks @loader_path/Frameworks";
				PRODUCT_NAME = "$(TARGET_NAME)";
				TEST_HOST = "$(BUILT_PRODUCTS_DIR)/MeME_Test.app/MeME_Test";
			};
			name = Release;
		};
/* End XCBuildConfiguration section */

/* Begin XCConfigurationList section */
		26A200241B41F8EF006B2204 /* Build configuration list for PBXProject "MeME_Test" */ = {
			isa = XCConfigurationList;
			buildConfigurations = (
				26A200461B41F8EF006B2204 /* Debug */,
				26A200471B41F8EF006B2204 /* Release */,
			);
			defaultConfigurationIsVisible = 0;
			defaultConfigurationName = Release;
		};
		26A200481B41F8EF006B2204 /* Build configuration list for PBXNativeTarget "MeME_Test" */ = {
			isa = XCConfigurationList;
			buildConfigurations = (
				26A200491B41F8EF006B2204 /* Debug */,
				26A2004A1B41F8EF006B2204 /* Release */,
			);
			defaultConfigurationIsVisible = 0;
			defaultConfigurationName = Release;
		};
		26A2004B1B41F8EF006B2204 /* Build configuration list for PBXNativeTarget "MeME_TestTests" */ = {
			isa = XCConfigurationList;
			buildConfigurations = (
				26A2004C1B41F8EF006B2204 /* Debug */,
				26A2004D1B41F8EF006B2204 /* Release */,
			);
			defaultConfigurationIsVisible = 0;
			defaultConfigurationName = Release;
		};
/* End XCConfigurationList section */
	};
	rootObject = 26A200211B41F8EF006B2204 /* Project object */;
}
